// !$*UTF8*$!
{
	archiveVersion = 1;
	classes = {
	};
	objectVersion = 50;
	objects = {

/* Begin PBXBuildFile section */
		D51D1E7E24F3274C00575135 /* Scroll.swift in Sources */ = {isa = PBXBuildFile; fileRef = D51D1E7D24F3274C00575135 /* Scroll.swift */; };
		D51D1E8024F3DDF700575135 /* MosqueAssignment.swift in Sources */ = {isa = PBXBuildFile; fileRef = D51D1E7F24F3DDF700575135 /* MosqueAssignment.swift */; };
		D5542D4A24F2FD7A0041792B /* CW8.swift in Sources */ = {isa = PBXBuildFile; fileRef = D5542D4924F2FD7A0041792B /* CW8.swift */; };
		D59438B024F5260000CBB14B /* مشاري العفاسي.m4a in Resources */ = {isa = PBXBuildFile; fileRef = D59438AF24F5260000CBB14B /* مشاري العفاسي.m4a */; };
		D59438B224F527AF00CBB14B /* فهد الكندري.m4a in Resources */ = {isa = PBXBuildFile; fileRef = D59438B124F527AF00CBB14B /* فهد الكندري.m4a */; };
		D59438B424F52E3F00CBB14B /* نبيل العوضي.m4a in Resources */ = {isa = PBXBuildFile; fileRef = D59438B324F52E3E00CBB14B /* نبيل العوضي.m4a */; };
		D595D9D424F2C61C008DCE7A /* AppDelegate.swift in Sources */ = {isa = PBXBuildFile; fileRef = D595D9D324F2C61C008DCE7A /* AppDelegate.swift */; };
		D595D9D624F2C61C008DCE7A /* SceneDelegate.swift in Sources */ = {isa = PBXBuildFile; fileRef = D595D9D524F2C61C008DCE7A /* SceneDelegate.swift */; };
		D595D9D824F2C61C008DCE7A /* ContentView.swift in Sources */ = {isa = PBXBuildFile; fileRef = D595D9D724F2C61C008DCE7A /* ContentView.swift */; };
		D595D9DA24F2C620008DCE7A /* Assets.xcassets in Resources */ = {isa = PBXBuildFile; fileRef = D595D9D924F2C620008DCE7A /* Assets.xcassets */; };
		D595D9DD24F2C620008DCE7A /* Preview Assets.xcassets in Resources */ = {isa = PBXBuildFile; fileRef = D595D9DC24F2C620008DCE7A /* Preview Assets.xcassets */; };
		D595D9E024F2C620008DCE7A /* LaunchScreen.storyboard in Resources */ = {isa = PBXBuildFile; fileRef = D595D9DE24F2C620008DCE7A /* LaunchScreen.storyboard */; };
		D595D9E824F2CC4B008DCE7A /* MovieDetailsView.swift in Sources */ = {isa = PBXBuildFile; fileRef = D595D9E724F2CC4B008DCE7A /* MovieDetailsView.swift */; };
		D595D9EB24F2DB01008DCE7A /* Movie.swift in Sources */ = {isa = PBXBuildFile; fileRef = D595D9EA24F2DB01008DCE7A /* Movie.swift */; };
		D595D9ED24F2F2F5008DCE7A /* CW9.swift in Sources */ = {isa = PBXBuildFile; fileRef = D595D9EC24F2F2F5008DCE7A /* CW9.swift */; };
		D5F41C3924F3F5F20074BB95 /* MoviesDetailsView.swift in Sources */ = {isa = PBXBuildFile; fileRef = D5F41C3824F3F5F20074BB95 /* MoviesDetailsView.swift */; };
		D5F41C3B24F437230074BB95 /* Mosque.swift in Sources */ = {isa = PBXBuildFile; fileRef = D5F41C3A24F437230074BB95 /* Mosque.swift */; };
		D5F41C3D24F444170074BB95 /* MosqueDetailsView.swift in Sources */ = {isa = PBXBuildFile; fileRef = D5F41C3C24F444170074BB95 /* MosqueDetailsView.swift */; };
		D5F41C3F24F458570074BB95 /* Calculator.swift in Sources */ = {isa = PBXBuildFile; fileRef = D5F41C3E24F458570074BB95 /* Calculator.swift */; };
/* End PBXBuildFile section */

/* Begin PBXFileReference section */
		D51D1E7D24F3274C00575135 /* Scroll.swift */ = {isa = PBXFileReference; lastKnownFileType = sourcecode.swift; path = Scroll.swift; sourceTree = "<group>"; };
		D51D1E7F24F3DDF700575135 /* MosqueAssignment.swift */ = {isa = PBXFileReference; lastKnownFileType = sourcecode.swift; path = MosqueAssignment.swift; sourceTree = "<group>"; };
		D5542D4924F2FD7A0041792B /* CW8.swift */ = {isa = PBXFileReference; lastKnownFileType = sourcecode.swift; path = CW8.swift; sourceTree = "<group>"; };
		D59438AF24F5260000CBB14B /* مشاري العفاسي.m4a */ = {isa = PBXFileReference; lastKnownFileType = file; path = "مشاري العفاسي.m4a"; sourceTree = "<group>"; };
		D59438B124F527AF00CBB14B /* فهد الكندري.m4a */ = {isa = PBXFileReference; lastKnownFileType = file; path = "فهد الكندري.m4a"; sourceTree = "<group>"; };
		D59438B324F52E3E00CBB14B /* نبيل العوضي.m4a */ = {isa = PBXFileReference; lastKnownFileType = file; path = "نبيل العوضي.m4a"; sourceTree = "<group>"; };
		D595D9D024F2C61C008DCE7A /* SwiftUI-Day-3.app */ = {isa = PBXFileReference; explicitFileType = wrapper.application; includeInIndex = 0; path = "SwiftUI-Day-3.app"; sourceTree = BUILT_PRODUCTS_DIR; };
		D595D9D324F2C61C008DCE7A /* AppDelegate.swift */ = {isa = PBXFileReference; lastKnownFileType = sourcecode.swift; path = AppDelegate.swift; sourceTree = "<group>"; };
		D595D9D524F2C61C008DCE7A /* SceneDelegate.swift */ = {isa = PBXFileReference; lastKnownFileType = sourcecode.swift; path = SceneDelegate.swift; sourceTree = "<group>"; };
		D595D9D724F2C61C008DCE7A /* ContentView.swift */ = {isa = PBXFileReference; lastKnownFileType = sourcecode.swift; path = ContentView.swift; sourceTree = "<group>"; };
		D595D9D924F2C620008DCE7A /* Assets.xcassets */ = {isa = PBXFileReference; lastKnownFileType = folder.assetcatalog; path = Assets.xcassets; sourceTree = "<group>"; };
		D595D9DC24F2C620008DCE7A /* Preview Assets.xcassets */ = {isa = PBXFileReference; lastKnownFileType = folder.assetcatalog; path = "Preview Assets.xcassets"; sourceTree = "<group>"; };
		D595D9DF24F2C620008DCE7A /* Base */ = {isa = PBXFileReference; lastKnownFileType = file.storyboard; name = Base; path = Base.lproj/LaunchScreen.storyboard; sourceTree = "<group>"; };
		D595D9E124F2C620008DCE7A /* Info.plist */ = {isa = PBXFileReference; lastKnownFileType = text.plist.xml; path = Info.plist; sourceTree = "<group>"; };
		D595D9E724F2CC4B008DCE7A /* MovieDetailsView.swift */ = {isa = PBXFileReference; lastKnownFileType = sourcecode.swift; path = MovieDetailsView.swift; sourceTree = "<group>"; };
		D595D9EA24F2DB01008DCE7A /* Movie.swift */ = {isa = PBXFileReference; lastKnownFileType = sourcecode.swift; path = Movie.swift; sourceTree = "<group>"; };
		D595D9EC24F2F2F5008DCE7A /* CW9.swift */ = {isa = PBXFileReference; lastKnownFileType = sourcecode.swift; path = CW9.swift; sourceTree = "<group>"; };
		D5F41C3824F3F5F20074BB95 /* MoviesDetailsView.swift */ = {isa = PBXFileReference; lastKnownFileType = sourcecode.swift; path = MoviesDetailsView.swift; sourceTree = "<group>"; };
		D5F41C3A24F437230074BB95 /* Mosque.swift */ = {isa = PBXFileReference; lastKnownFileType = sourcecode.swift; path = Mosque.swift; sourceTree = "<group>"; };
		D5F41C3C24F444170074BB95 /* MosqueDetailsView.swift */ = {isa = PBXFileReference; lastKnownFileType = sourcecode.swift; path = MosqueDetailsView.swift; sourceTree = "<group>"; };
		D5F41C3E24F458570074BB95 /* Calculator.swift */ = {isa = PBXFileReference; lastKnownFileType = sourcecode.swift; path = Calculator.swift; sourceTree = "<group>"; };
/* End PBXFileReference section */

/* Begin PBXFrameworksBuildPhase section */
		D595D9CD24F2C61C008DCE7A /* Frameworks */ = {
			isa = PBXFrameworksBuildPhase;
			buildActionMask = 2147483647;
			files = (
			);
			runOnlyForDeploymentPostprocessing = 0;
		};
/* End PBXFrameworksBuildPhase section */

/* Begin PBXGroup section */
		D595D9C724F2C61C008DCE7A = {
			isa = PBXGroup;
			children = (
				D595D9D224F2C61C008DCE7A /* SwiftUI-Day-3 */,
				D595D9D124F2C61C008DCE7A /* Products */,
			);
			sourceTree = "<group>";
		};
		D595D9D124F2C61C008DCE7A /* Products */ = {
			isa = PBXGroup;
			children = (
				D595D9D024F2C61C008DCE7A /* SwiftUI-Day-3.app */,
			);
			name = Products;
			sourceTree = "<group>";
		};
		D595D9D224F2C61C008DCE7A /* SwiftUI-Day-3 */ = {
			isa = PBXGroup;
			children = (
				D59438AF24F5260000CBB14B /* مشاري العفاسي.m4a */,
				D59438B124F527AF00CBB14B /* فهد الكندري.m4a */,
				D59438B324F52E3E00CBB14B /* نبيل العوضي.m4a */,
				D595D9E924F2DAF0008DCE7A /* Models */,
				D595D9D324F2C61C008DCE7A /* AppDelegate.swift */,
				D595D9D524F2C61C008DCE7A /* SceneDelegate.swift */,
				D595D9D724F2C61C008DCE7A /* ContentView.swift */,
				D5542D4924F2FD7A0041792B /* CW8.swift */,
				D595D9E724F2CC4B008DCE7A /* MovieDetailsView.swift */,
				D5F41C3824F3F5F20074BB95 /* MoviesDetailsView.swift */,
				D595D9EC24F2F2F5008DCE7A /* CW9.swift */,
				D51D1E7D24F3274C00575135 /* Scroll.swift */,
				D51D1E7F24F3DDF700575135 /* MosqueAssignment.swift */,
				D5F41C3C24F444170074BB95 /* MosqueDetailsView.swift */,
				D5F41C3E24F458570074BB95 /* Calculator.swift */,
				D595D9D924F2C620008DCE7A /* Assets.xcassets */,
				D595D9DE24F2C620008DCE7A /* LaunchScreen.storyboard */,
				D595D9E124F2C620008DCE7A /* Info.plist */,
				D595D9DB24F2C620008DCE7A /* Preview Content */,
			);
			path = "SwiftUI-Day-3";
			sourceTree = "<group>";
		};
		D595D9DB24F2C620008DCE7A /* Preview Content */ = {
			isa = PBXGroup;
			children = (
				D595D9DC24F2C620008DCE7A /* Preview Assets.xcassets */,
			);
			path = "Preview Content";
			sourceTree = "<group>";
		};
		D595D9E924F2DAF0008DCE7A /* Models */ = {
			isa = PBXGroup;
			children = (
				D595D9EA24F2DB01008DCE7A /* Movie.swift */,
				D5F41C3A24F437230074BB95 /* Mosque.swift */,
			);
			path = Models;
			sourceTree = "<group>";
		};
/* End PBXGroup section */

/* Begin PBXNativeTarget section */
		D595D9CF24F2C61C008DCE7A /* SwiftUI-Day-3 */ = {
			isa = PBXNativeTarget;
			buildConfigurationList = D595D9E424F2C620008DCE7A /* Build configuration list for PBXNativeTarget "SwiftUI-Day-3" */;
			buildPhases = (
				D595D9CC24F2C61C008DCE7A /* Sources */,
				D595D9CD24F2C61C008DCE7A /* Frameworks */,
				D595D9CE24F2C61C008DCE7A /* Resources */,
			);
			buildRules = (
			);
			dependencies = (
			);
			name = "SwiftUI-Day-3";
			productName = "SwiftUI-Day-3";
			productReference = D595D9D024F2C61C008DCE7A /* SwiftUI-Day-3.app */;
			productType = "com.apple.product-type.application";
		};
/* End PBXNativeTarget section */

/* Begin PBXProject section */
		D595D9C824F2C61C008DCE7A /* Project object */ = {
			isa = PBXProject;
			attributes = {
				LastSwiftUpdateCheck = 1160;
				LastUpgradeCheck = 1160;
				ORGANIZATIONNAME = Haider;
				TargetAttributes = {
					D595D9CF24F2C61C008DCE7A = {
						CreatedOnToolsVersion = 11.6;
					};
				};
			};
			buildConfigurationList = D595D9CB24F2C61C008DCE7A /* Build configuration list for PBXProject "SwiftUI-Day-3" */;
			compatibilityVersion = "Xcode 9.3";
			developmentRegion = en;
			hasScannedForEncodings = 0;
			knownRegions = (
				en,
				Base,
			);
			mainGroup = D595D9C724F2C61C008DCE7A;
			productRefGroup = D595D9D124F2C61C008DCE7A /* Products */;
			projectDirPath = "";
			projectRoot = "";
			targets = (
				D595D9CF24F2C61C008DCE7A /* SwiftUI-Day-3 */,
			);
		};
/* End PBXProject section */

/* Begin PBXResourcesBuildPhase section */
		D595D9CE24F2C61C008DCE7A /* Resources */ = {
			isa = PBXResourcesBuildPhase;
			buildActionMask = 2147483647;
			files = (
				D595D9E024F2C620008DCE7A /* LaunchScreen.storyboard in Resources */,
				D59438B024F5260000CBB14B /* مشاري العفاسي.m4a in Resources */,
				D595D9DD24F2C620008DCE7A /* Preview Assets.xcassets in Resources */,
				D595D9DA24F2C620008DCE7A /* Assets.xcassets in Resources */,
				D59438B224F527AF00CBB14B /* فهد الكندري.m4a in Resources */,
				D59438B424F52E3F00CBB14B /* نبيل العوضي.m4a in Resources */,
			);
			runOnlyForDeploymentPostprocessing = 0;
		};
/* End PBXResourcesBuildPhase section */

/* Begin PBXSourcesBuildPhase section */
		D595D9CC24F2C61C008DCE7A /* Sources */ = {
			isa = PBXSourcesBuildPhase;
			buildActionMask = 2147483647;
			files = (
				D5F41C3924F3F5F20074BB95 /* MoviesDetailsView.swift in Sources */,
				D595D9D424F2C61C008DCE7A /* AppDelegate.swift in Sources */,
				D51D1E8024F3DDF700575135 /* MosqueAssignment.swift in Sources */,
				D595D9D624F2C61C008DCE7A /* SceneDelegate.swift in Sources */,
				D51D1E7E24F3274C00575135 /* Scroll.swift in Sources */,
				D5F41C3F24F458570074BB95 /* Calculator.swift in Sources */,
				D595D9E824F2CC4B008DCE7A /* MovieDetailsView.swift in Sources */,
				D595D9D824F2C61C008DCE7A /* ContentView.swift in Sources */,
				D5542D4A24F2FD7A0041792B /* CW8.swift in Sources */,
				D5F41C3B24F437230074BB95 /* Mosque.swift in Sources */,
				D5F41C3D24F444170074BB95 /* MosqueDetailsView.swift in Sources */,
				D595D9EB24F2DB01008DCE7A /* Movie.swift in Sources */,
				D595D9ED24F2F2F5008DCE7A /* CW9.swift in Sources */,
			);
			runOnlyForDeploymentPostprocessing = 0;
		};
/* End PBXSourcesBuildPhase section */

/* Begin PBXVariantGroup section */
		D595D9DE24F2C620008DCE7A /* LaunchScreen.storyboard */ = {
			isa = PBXVariantGroup;
			children = (
				D595D9DF24F2C620008DCE7A /* Base */,
			);
			name = LaunchScreen.storyboard;
			sourceTree = "<group>";
		};
/* End PBXVariantGroup section */

/* Begin XCBuildConfiguration section */
		D595D9E224F2C620008DCE7A /* Debug */ = {
			isa = XCBuildConfiguration;
			buildSettings = {
				ALWAYS_SEARCH_USER_PATHS = NO;
				CLANG_ANALYZER_NONNULL = YES;
				CLANG_ANALYZER_NUMBER_OBJECT_CONVERSION = YES_AGGRESSIVE;
				CLANG_CXX_LANGUAGE_STANDARD = "gnu++14";
				CLANG_CXX_LIBRARY = "libc++";
				CLANG_ENABLE_MODULES = YES;
				CLANG_ENABLE_OBJC_ARC = YES;
				CLANG_ENABLE_OBJC_WEAK = YES;
				CLANG_WARN_BLOCK_CAPTURE_AUTORELEASING = YES;
				CLANG_WARN_BOOL_CONVERSION = YES;
				CLANG_WARN_COMMA = YES;
				CLANG_WARN_CONSTANT_CONVERSION = YES;
				CLANG_WARN_DEPRECATED_OBJC_IMPLEMENTATIONS = YES;
				CLANG_WARN_DIRECT_OBJC_ISA_USAGE = YES_ERROR;
				CLANG_WARN_DOCUMENTATION_COMMENTS = YES;
				CLANG_WARN_EMPTY_BODY = YES;
				CLANG_WARN_ENUM_CONVERSION = YES;
				CLANG_WARN_INFINITE_RECURSION = YES;
				CLANG_WARN_INT_CONVERSION = YES;
				CLANG_WARN_NON_LITERAL_NULL_CONVERSION = YES;
				CLANG_WARN_OBJC_IMPLICIT_RETAIN_SELF = YES;
				CLANG_WARN_OBJC_LITERAL_CONVERSION = YES;
				CLANG_WARN_OBJC_ROOT_CLASS = YES_ERROR;
				CLANG_WARN_RANGE_LOOP_ANALYSIS = YES;
				CLANG_WARN_STRICT_PROTOTYPES = YES;
				CLANG_WARN_SUSPICIOUS_MOVE = YES;
				CLANG_WARN_UNGUARDED_AVAILABILITY = YES_AGGRESSIVE;
				CLANG_WARN_UNREACHABLE_CODE = YES;
				CLANG_WARN__DUPLICATE_METHOD_MATCH = YES;
				COPY_PHASE_STRIP = NO;
				DEBUG_INFORMATION_FORMAT = dwarf;
				ENABLE_STRICT_OBJC_MSGSEND = YES;
				ENABLE_TESTABILITY = YES;
				GCC_C_LANGUAGE_STANDARD = gnu11;
				GCC_DYNAMIC_NO_PIC = NO;
				GCC_NO_COMMON_BLOCKS = YES;
				GCC_OPTIMIZATION_LEVEL = 0;
				GCC_PREPROCESSOR_DEFINITIONS = (
					"DEBUG=1",
					"$(inherited)",
				);
				GCC_WARN_64_TO_32_BIT_CONVERSION = YES;
				GCC_WARN_ABOUT_RETURN_TYPE = YES_ERROR;
				GCC_WARN_UNDECLARED_SELECTOR = YES;
				GCC_WARN_UNINITIALIZED_AUTOS = YES_AGGRESSIVE;
				GCC_WARN_UNUSED_FUNCTION = YES;
				GCC_WARN_UNUSED_VARIABLE = YES;
				IPHONEOS_DEPLOYMENT_TARGET = 13.6;
				MTL_ENABLE_DEBUG_INFO = INCLUDE_SOURCE;
				MTL_FAST_MATH = YES;
				ONLY_ACTIVE_ARCH = YES;
				SDKROOT = iphoneos;
				SWIFT_ACTIVE_COMPILATION_CONDITIONS = DEBUG;
				SWIFT_OPTIMIZATION_LEVEL = "-Onone";
			};
			name = Debug;
		};
		D595D9E324F2C620008DCE7A /* Release */ = {
			isa = XCBuildConfiguration;
			buildSettings = {
				ALWAYS_SEARCH_USER_PATHS = NO;
				CLANG_ANALYZER_NONNULL = YES;
				CLANG_ANALYZER_NUMBER_OBJECT_CONVERSION = YES_AGGRESSIVE;
				CLANG_CXX_LANGUAGE_STANDARD = "gnu++14";
				CLANG_CXX_LIBRARY = "libc++";
				CLANG_ENABLE_MODULES = YES;
				CLANG_ENABLE_OBJC_ARC = YES;
				CLANG_ENABLE_OBJC_WEAK = YES;
				CLANG_WARN_BLOCK_CAPTURE_AUTORELEASING = YES;
				CLANG_WARN_BOOL_CONVERSION = YES;
				CLANG_WARN_COMMA = YES;
				CLANG_WARN_CONSTANT_CONVERSION = YES;
				CLANG_WARN_DEPRECATED_OBJC_IMPLEMENTATIONS = YES;
				CLANG_WARN_DIRECT_OBJC_ISA_USAGE = YES_ERROR;
				CLANG_WARN_DOCUMENTATION_COMMENTS = YES;
				CLANG_WARN_EMPTY_BODY = YES;
				CLANG_WARN_ENUM_CONVERSION = YES;
				CLANG_WARN_INFINITE_RECURSION = YES;
				CLANG_WARN_INT_CONVERSION = YES;
				CLANG_WARN_NON_LITERAL_NULL_CONVERSION = YES;
				CLANG_WARN_OBJC_IMPLICIT_RETAIN_SELF = YES;
				CLANG_WARN_OBJC_LITERAL_CONVERSION = YES;
				CLANG_WARN_OBJC_ROOT_CLASS = YES_ERROR;
				CLANG_WARN_RANGE_LOOP_ANALYSIS = YES;
				CLANG_WARN_STRICT_PROTOTYPES = YES;
				CLANG_WARN_SUSPICIOUS_MOVE = YES;
				CLANG_WARN_UNGUARDED_AVAILABILITY = YES_AGGRESSIVE;
				CLANG_WARN_UNREACHABLE_CODE = YES;
				CLANG_WARN__DUPLICATE_METHOD_MATCH = YES;
				COPY_PHASE_STRIP = NO;
				DEBUG_INFORMATION_FORMAT = "dwarf-with-dsym";
				ENABLE_NS_ASSERTIONS = NO;
				ENABLE_STRICT_OBJC_MSGSEND = YES;
				GCC_C_LANGUAGE_STANDARD = gnu11;
				GCC_NO_COMMON_BLOCKS = YES;
				GCC_WARN_64_TO_32_BIT_CONVERSION = YES;
				GCC_WARN_ABOUT_RETURN_TYPE = YES_ERROR;
				GCC_WARN_UNDECLARED_SELECTOR = YES;
				GCC_WARN_UNINITIALIZED_AUTOS = YES_AGGRESSIVE;
				GCC_WARN_UNUSED_FUNCTION = YES;
				GCC_WARN_UNUSED_VARIABLE = YES;
				IPHONEOS_DEPLOYMENT_TARGET = 13.6;
				MTL_ENABLE_DEBUG_INFO = NO;
				MTL_FAST_MATH = YES;
				SDKROOT = iphoneos;
				SWIFT_COMPILATION_MODE = wholemodule;
				SWIFT_OPTIMIZATION_LEVEL = "-O";
				VALIDATE_PRODUCT = YES;
			};
			name = Release;
		};
		D595D9E524F2C620008DCE7A /* Debug */ = {
			isa = XCBuildConfiguration;
			buildSettings = {
				ASSETCATALOG_COMPILER_APPICON_NAME = AppIcon;
				CODE_SIGN_STYLE = Automatic;
				DEVELOPMENT_ASSET_PATHS = "\"SwiftUI-Day-3/Preview Content\"";
				ENABLE_PREVIEWS = YES;
				INFOPLIST_FILE = "SwiftUI-Day-3/Info.plist";
				LD_RUNPATH_SEARCH_PATHS = (
					"$(inherited)",
					"@executable_path/Frameworks",
				);
				PRODUCT_BUNDLE_IDENTIFIER = "com.hab.SwiftUI-Day-3";
				PRODUCT_NAME = "$(TARGET_NAME)";
				SWIFT_VERSION = 5.0;
				TARGETED_DEVICE_FAMILY = "1,2";
			};
			name = Debug;
		};
		D595D9E624F2C620008DCE7A /* Release */ = {
			isa = XCBuildConfiguration;
			buildSettings = {
				ASSETCATALOG_COMPILER_APPICON_NAME = AppIcon;
				CODE_SIGN_STYLE = Automatic;
				DEVELOPMENT_ASSET_PATHS = "\"SwiftUI-Day-3/Preview Content\"";
				ENABLE_PREVIEWS = YES;
				INFOPLIST_FILE = "SwiftUI-Day-3/Info.plist";
				LD_RUNPATH_SEARCH_PATHS = (
					"$(inherited)",
					"@executable_path/Frameworks",
				);
				PRODUCT_BUNDLE_IDENTIFIER = "com.hab.SwiftUI-Day-3";
				PRODUCT_NAME = "$(TARGET_NAME)";
				SWIFT_VERSION = 5.0;
				TARGETED_DEVICE_FAMILY = "1,2";
			};
			name = Release;
		};
/* End XCBuildConfiguration section */

/* Begin XCConfigurationList section */
		D595D9CB24F2C61C008DCE7A /* Build configuration list for PBXProject "SwiftUI-Day-3" */ = {
			isa = XCConfigurationList;
			buildConfigurations = (
				D595D9E224F2C620008DCE7A /* Debug */,
				D595D9E324F2C620008DCE7A /* Release */,
			);
			defaultConfigurationIsVisible = 0;
			defaultConfigurationName = Release;
		};
		D595D9E424F2C620008DCE7A /* Build configuration list for PBXNativeTarget "SwiftUI-Day-3" */ = {
			isa = XCConfigurationList;
			buildConfigurations = (
				D595D9E524F2C620008DCE7A /* Debug */,
				D595D9E624F2C620008DCE7A /* Release */,
			);
			defaultConfigurationIsVisible = 0;
			defaultConfigurationName = Release;
		};
/* End XCConfigurationList section */
	};
	rootObject = D595D9C824F2C61C008DCE7A /* Project object */;
}
